
Microsoft Visual Studio Solution File, Format Version 12.00
# Visual Studio 14
VisualStudioVersion = 14.0.25420.1
MinimumVisualStudioVersion = 10.0.40219.1
Project("{FAE04EC0-301F-11D3-BF4B-00C04F79EFBC}") = "TechZone.Models", "TechZone.Models\TechZone.Models.csproj", "{661FA679-778A-49A7-A618-3F27404EA280}"
EndProject
Project("{FAE04EC0-301F-11D3-BF4B-00C04F79EFBC}") = "TechZone.Data", "TechZone.Data\TechZone.Data.csproj", "{37A7688E-7A09-459E-B89D-D3D023D4FD35}"
EndProject
Project("{FAE04EC0-301F-11D3-BF4B-00C04F79EFBC}") = "TechZone.Services", "TechZone.Services\TechZone.Services.csproj", "{051C3DF8-6932-47E8-8BB6-9B18F11D5A02}"
EndProject
Project("{FAE04EC0-301F-11D3-BF4B-00C04F79EFBC}") = "TechZone.Web", "TechZone.Web\TechZone.Web.csproj", "{CE621F51-2FF3-464E-9BD6-6B9E41CDD77F}"
EndProject
Project("{FAE04EC0-301F-11D3-BF4B-00C04F79EFBC}") = "TechZone.Web.Tests", "TechZone.Web.Tests\TechZone.Web.Tests.csproj", "{F1EBBBDD-CC6E-485F-83F8-F1F61C7A1EB2}"
EndProject
Project("{FAE04EC0-301F-11D3-BF4B-00C04F79EFBC}") = "TechZone.Api", "TechZone.Api\TechZone.Api.csproj", "{D058EF80-C50A-46DA-ABAC-B0A7D7E1A36A}"
EndProject
Global
	GlobalSection(SolutionConfigurationPlatforms) = preSolution
		Debug|Any CPU = Debug|Any CPU
		Release|Any CPU = Release|Any CPU
	EndGlobalSection
	GlobalSection(ProjectConfigurationPlatforms) = postSolution
		{661FA679-778A-49A7-A618-3F27404EA280}.Debug|Any CPU.ActiveCfg = Debug|Any CPU
		{661FA679-778A-49A7-A618-3F27404EA280}.Debug|Any CPU.Build.0 = Debug|Any CPU
		{661FA679-778A-49A7-A618-3F27404EA280}.Release|Any CPU.ActiveCfg = Release|Any CPU
		{661FA679-778A-49A7-A618-3F27404EA280}.Release|Any CPU.Build.0 = Release|Any CPU
		{37A7688E-7A09-459E-B89D-D3D023D4FD35}.Debug|Any CPU.ActiveCfg = Debug|Any CPU
		{37A7688E-7A09-459E-B89D-D3D023D4FD35}.Debug|Any CPU.Build.0 = Debug|Any CPU
		{37A7688E-7A09-459E-B89D-D3D023D4FD35}.Release|Any CPU.ActiveCfg = Release|Any CPU
		{37A7688E-7A09-459E-B89D-D3D023D4FD35}.Release|Any CPU.Build.0 = Release|Any CPU
		{051C3DF8-6932-47E8-8BB6-9B18F11D5A02}.Debug|Any CPU.ActiveCfg = Debug|Any CPU
		{051C3DF8-6932-47E8-8BB6-9B18F11D5A02}.Debug|Any CPU.Build.0 = Debug|Any CPU
		{051C3DF8-6932-47E8-8BB6-9B18F11D5A02}.Release|Any CPU.ActiveCfg = Release|Any CPU
		{051C3DF8-6932-47E8-8BB6-9B18F11D5A02}.Release|Any CPU.Build.0 = Release|Any CPU
		{CE621F51-2FF3-464E-9BD6-6B9E41CDD77F}.Debug|Any CPU.ActiveCfg = Debug|Any CPU
		{CE621F51-2FF3-464E-9BD6-6B9E41CDD77F}.Debug|Any CPU.Build.0 = Debug|Any CPU
		{CE621F51-2FF3-464E-9BD6-6B9E41CDD77F}.Release|Any CPU.ActiveCfg = Release|Any CPU
		{CE621F51-2FF3-464E-9BD6-6B9E41CDD77F}.Release|Any CPU.Build.0 = Release|Any CPU
		{F1EBBBDD-CC6E-485F-83F8-F1F61C7A1EB2}.Debug|Any CPU.ActiveCfg = Debug|Any CPU
		{F1EBBBDD-CC6E-485F-83F8-F1F61C7A1EB2}.Debug|Any CPU.Build.0 = Debug|Any CPU
		{F1EBBBDD-CC6E-485F-83F8-F1F61C7A1EB2}.Release|Any CPU.ActiveCfg = Release|Any CPU
		{F1EBBBDD-CC6E-485F-83F8-F1F61C7A1EB2}.Release|Any CPU.Build.0 = Release|Any CPU
		{D058EF80-C50A-46DA-ABAC-B0A7D7E1A36A}.Debug|Any CPU.ActiveCfg = Debug|Any CPU
		{D058EF80-C50A-46DA-ABAC-B0A7D7E1A36A}.Debug|Any CPU.Build.0 = Debug|Any CPU
		{D058EF80-C50A-46DA-ABAC-B0A7D7E1A36A}.Release|Any CPU.ActiveCfg = Release|Any CPU
		{D058EF80-C50A-46DA-ABAC-B0A7D7E1A36A}.Release|Any CPU.Build.0 = Release|Any CPU
	EndGlobalSection
	GlobalSection(SolutionProperties) = preSolution
		HideSolutionNode = FALSE
	EndGlobalSection
EndGlobal
